// !$*UTF8*$!
{
	archiveVersion = 1;
	classes = {
	};
	objectVersion = 46;
	objects = {

/* Begin PBXBuildFile section */
		840595501F38C25F00642ADB /* DetailViewController.swift in Sources */ = {isa = PBXBuildFile; fileRef = 8405954F1F38C25F00642ADB /* DetailViewController.swift */; };
		841EDFE91F30F618002A688E /* CalendarUser.swift in Sources */ = {isa = PBXBuildFile; fileRef = 841EDFE81F30F618002A688E /* CalendarUser.swift */; };
		841EDFEC1F311178002A688E /* Constants.swift in Sources */ = {isa = PBXBuildFile; fileRef = 841EDFEB1F311178002A688E /* Constants.swift */; };
		841EDFEE1F33CC06002A688E /* GoogleCalendarConnection.swift in Sources */ = {isa = PBXBuildFile; fileRef = 841EDFED1F33CC06002A688E /* GoogleCalendarConnection.swift */; };
		84294EDB1F3ED4FF00685FB6 /* EKEvent+iOSGoogleCalendar.swift in Sources */ = {isa = PBXBuildFile; fileRef = 84294EDA1F3ED4FF00685FB6 /* EKEvent+iOSGoogleCalendar.swift */; };
		84294EDD1F3ED9B700685FB6 /* LocalCalendarConnection.swift in Sources */ = {isa = PBXBuildFile; fileRef = 84294EDC1F3ED9B700685FB6 /* LocalCalendarConnection.swift */; };
		8482608F1F26F1E300E41C3F /* InitialViewController.swift in Sources */ = {isa = PBXBuildFile; fileRef = 8482608E1F26F1E300E41C3F /* InitialViewController.swift */; };
		848260911F26F4B800E41C3F /* GoogleService-Info.plist in Resources */ = {isa = PBXBuildFile; fileRef = 848260901F26F4B800E41C3F /* GoogleService-Info.plist */; };
		848260931F26F50300E41C3F /* EventsTableViewController.swift in Sources */ = {isa = PBXBuildFile; fileRef = 848260921F26F50300E41C3F /* EventsTableViewController.swift */; };
		848260951F281B9800E41C3F /* NewEventViewController.swift in Sources */ = {isa = PBXBuildFile; fileRef = 848260941F281B9800E41C3F /* NewEventViewController.swift */; };
		84CE09861F26853A00F72573 /* AppDelegate.swift in Sources */ = {isa = PBXBuildFile; fileRef = 84CE09851F26853A00F72573 /* AppDelegate.swift */; };
		84CE098B1F26853A00F72573 /* Main.storyboard in Resources */ = {isa = PBXBuildFile; fileRef = 84CE09891F26853A00F72573 /* Main.storyboard */; };
		84CE098D1F26853A00F72573 /* Assets.xcassets in Resources */ = {isa = PBXBuildFile; fileRef = 84CE098C1F26853A00F72573 /* Assets.xcassets */; };
		84CE09901F26853A00F72573 /* LaunchScreen.storyboard in Resources */ = {isa = PBXBuildFile; fileRef = 84CE098E1F26853A00F72573 /* LaunchScreen.storyboard */; };
		84E3F5D01F5B9F6D00640F90 /* GoogleCalendarNotificationFactory.swift in Sources */ = {isa = PBXBuildFile; fileRef = 84E3F5CF1F5B9F6D00640F90 /* GoogleCalendarNotificationFactory.swift */; };
		84E3F5D21F5BB8E000640F90 /* GoogleCalendarNotificationDelegate.swift in Sources */ = {isa = PBXBuildFile; fileRef = 84E3F5D11F5BB8E000640F90 /* GoogleCalendarNotificationDelegate.swift */; };
		DA20699258A30F6AF25E667A /* Pods_iOSGoogleCalendar.framework in Frameworks */ = {isa = PBXBuildFile; fileRef = 65CF6F4BEB2CE41EC5270F4D /* Pods_iOSGoogleCalendar.framework */; };
/* End PBXBuildFile section */

/* Begin PBXFileReference section */
		60CB4C5DBA3173B96AAE37F7 /* Pods-iOSGoogleCalendar.release.xcconfig */ = {isa = PBXFileReference; includeInIndex = 1; lastKnownFileType = text.xcconfig; name = "Pods-iOSGoogleCalendar.release.xcconfig"; path = "Pods/Target Support Files/Pods-iOSGoogleCalendar/Pods-iOSGoogleCalendar.release.xcconfig"; sourceTree = "<group>"; };
		65CF6F4BEB2CE41EC5270F4D /* Pods_iOSGoogleCalendar.framework */ = {isa = PBXFileReference; explicitFileType = wrapper.framework; includeInIndex = 0; path = Pods_iOSGoogleCalendar.framework; sourceTree = BUILT_PRODUCTS_DIR; };
		8405954F1F38C25F00642ADB /* DetailViewController.swift */ = {isa = PBXFileReference; fileEncoding = 4; lastKnownFileType = sourcecode.swift; path = DetailViewController.swift; sourceTree = "<group>"; };
		841EDFE81F30F618002A688E /* CalendarUser.swift */ = {isa = PBXFileReference; fileEncoding = 4; lastKnownFileType = sourcecode.swift; path = CalendarUser.swift; sourceTree = "<group>"; };
		841EDFEB1F311178002A688E /* Constants.swift */ = {isa = PBXFileReference; fileEncoding = 4; lastKnownFileType = sourcecode.swift; path = Constants.swift; sourceTree = "<group>"; };
		841EDFED1F33CC06002A688E /* GoogleCalendarConnection.swift */ = {isa = PBXFileReference; fileEncoding = 4; lastKnownFileType = sourcecode.swift; path = GoogleCalendarConnection.swift; sourceTree = "<group>"; };
		84294EDA1F3ED4FF00685FB6 /* EKEvent+iOSGoogleCalendar.swift */ = {isa = PBXFileReference; fileEncoding = 4; lastKnownFileType = sourcecode.swift; path = "EKEvent+iOSGoogleCalendar.swift"; sourceTree = "<group>"; };
		84294EDC1F3ED9B700685FB6 /* LocalCalendarConnection.swift */ = {isa = PBXFileReference; fileEncoding = 4; lastKnownFileType = sourcecode.swift; path = LocalCalendarConnection.swift; sourceTree = "<group>"; };
		8482608E1F26F1E300E41C3F /* InitialViewController.swift */ = {isa = PBXFileReference; fileEncoding = 4; lastKnownFileType = sourcecode.swift; path = InitialViewController.swift; sourceTree = "<group>"; };
		848260901F26F4B800E41C3F /* GoogleService-Info.plist */ = {isa = PBXFileReference; fileEncoding = 4; lastKnownFileType = text.plist.xml; path = "GoogleService-Info.plist"; sourceTree = "<group>"; };
		848260921F26F50300E41C3F /* EventsTableViewController.swift */ = {isa = PBXFileReference; fileEncoding = 4; lastKnownFileType = sourcecode.swift; path = EventsTableViewController.swift; sourceTree = "<group>"; };
		848260941F281B9800E41C3F /* NewEventViewController.swift */ = {isa = PBXFileReference; fileEncoding = 4; lastKnownFileType = sourcecode.swift; path = NewEventViewController.swift; sourceTree = "<group>"; };
		84CE09821F26853A00F72573 /* iOSGoogleCalendar.app */ = {isa = PBXFileReference; explicitFileType = wrapper.application; includeInIndex = 0; path = iOSGoogleCalendar.app; sourceTree = BUILT_PRODUCTS_DIR; };
		84CE09851F26853A00F72573 /* AppDelegate.swift */ = {isa = PBXFileReference; lastKnownFileType = sourcecode.swift; path = AppDelegate.swift; sourceTree = "<group>"; };
		84CE098A1F26853A00F72573 /* Base */ = {isa = PBXFileReference; lastKnownFileType = file.storyboard; name = Base; path = Base.lproj/Main.storyboard; sourceTree = "<group>"; };
		84CE098C1F26853A00F72573 /* Assets.xcassets */ = {isa = PBXFileReference; lastKnownFileType = folder.assetcatalog; path = Assets.xcassets; sourceTree = "<group>"; };
		84CE098F1F26853A00F72573 /* Base */ = {isa = PBXFileReference; lastKnownFileType = file.storyboard; name = Base; path = Base.lproj/LaunchScreen.storyboard; sourceTree = "<group>"; };
		84CE09911F26853A00F72573 /* Info.plist */ = {isa = PBXFileReference; lastKnownFileType = text.plist.xml; path = Info.plist; sourceTree = "<group>"; };
		84E3F5CF1F5B9F6D00640F90 /* GoogleCalendarNotificationFactory.swift */ = {isa = PBXFileReference; fileEncoding = 4; lastKnownFileType = sourcecode.swift; path = GoogleCalendarNotificationFactory.swift; sourceTree = "<group>"; };
		84E3F5D11F5BB8E000640F90 /* GoogleCalendarNotificationDelegate.swift */ = {isa = PBXFileReference; fileEncoding = 4; lastKnownFileType = sourcecode.swift; path = GoogleCalendarNotificationDelegate.swift; sourceTree = "<group>"; };
		E7C363E4DA189BD5ACB402F4 /* Pods-iOSGoogleCalendar.debug.xcconfig */ = {isa = PBXFileReference; includeInIndex = 1; lastKnownFileType = text.xcconfig; name = "Pods-iOSGoogleCalendar.debug.xcconfig"; path = "Pods/Target Support Files/Pods-iOSGoogleCalendar/Pods-iOSGoogleCalendar.debug.xcconfig"; sourceTree = "<group>"; };
/* End PBXFileReference section */

/* Begin PBXFrameworksBuildPhase section */
		84CE097F1F26853A00F72573 /* Frameworks */ = {
			isa = PBXFrameworksBuildPhase;
			buildActionMask = 2147483647;
			files = (
				DA20699258A30F6AF25E667A /* Pods_iOSGoogleCalendar.framework in Frameworks */,
			);
			runOnlyForDeploymentPostprocessing = 0;
		};
/* End PBXFrameworksBuildPhase section */

/* Begin PBXGroup section */
		066F6953FDE868831BAA1527 /* Frameworks */ = {
			isa = PBXGroup;
			children = (
				65CF6F4BEB2CE41EC5270F4D /* Pods_iOSGoogleCalendar.framework */,
			);
			name = Frameworks;
			sourceTree = "<group>";
		};
		8405954A1F38A33100642ADB /* Cell */ = {
			isa = PBXGroup;
			children = (
			);
			name = Cell;
			sourceTree = "<group>";
		};
		841EDFEA1F31113B002A688E /* Helper */ = {
			isa = PBXGroup;
			children = (
				841EDFEB1F311178002A688E /* Constants.swift */,
				84294EDA1F3ED4FF00685FB6 /* EKEvent+iOSGoogleCalendar.swift */,
				84E3F5D11F5BB8E000640F90 /* GoogleCalendarNotificationDelegate.swift */,
			);
			name = Helper;
			sourceTree = "<group>";
		};
		84CE09791F26853A00F72573 = {
			isa = PBXGroup;
			children = (
				84CE09841F26853A00F72573 /* iOSGoogleCalendar */,
				84CE09831F26853A00F72573 /* Products */,
				954943BA7D821839C314CED5 /* Pods */,
				066F6953FDE868831BAA1527 /* Frameworks */,
			);
			sourceTree = "<group>";
		};
		84CE09831F26853A00F72573 /* Products */ = {
			isa = PBXGroup;
			children = (
				84CE09821F26853A00F72573 /* iOSGoogleCalendar.app */,
			);
			name = Products;
			sourceTree = "<group>";
		};
		84CE09841F26853A00F72573 /* iOSGoogleCalendar */ = {
			isa = PBXGroup;
			children = (
				84CE09991F26854B00F72573 /* Controller */,
				84CE09981F26854600F72573 /* Model */,
				84CE09971F26854000F72573 /* View */,
				84CE098C1F26853A00F72573 /* Assets.xcassets */,
				84CE098E1F26853A00F72573 /* LaunchScreen.storyboard */,
				84CE09911F26853A00F72573 /* Info.plist */,
				848260901F26F4B800E41C3F /* GoogleService-Info.plist */,
			);
			path = iOSGoogleCalendar;
			sourceTree = "<group>";
		};
		84CE09971F26854000F72573 /* View */ = {
			isa = PBXGroup;
			children = (
				8405954A1F38A33100642ADB /* Cell */,
				84CE09891F26853A00F72573 /* Main.storyboard */,
			);
			name = View;
			sourceTree = "<group>";
		};
		84CE09981F26854600F72573 /* Model */ = {
			isa = PBXGroup;
			children = (
				841EDFE81F30F618002A688E /* CalendarUser.swift */,
				841EDFED1F33CC06002A688E /* GoogleCalendarConnection.swift */,
				84294EDC1F3ED9B700685FB6 /* LocalCalendarConnection.swift */,
				84E3F5CF1F5B9F6D00640F90 /* GoogleCalendarNotificationFactory.swift */,
			);
			name = Model;
			sourceTree = "<group>";
		};
		84CE09991F26854B00F72573 /* Controller */ = {
			isa = PBXGroup;
			children = (
				841EDFEA1F31113B002A688E /* Helper */,
				84CE09851F26853A00F72573 /* AppDelegate.swift */,
				8482608E1F26F1E300E41C3F /* InitialViewController.swift */,
				848260921F26F50300E41C3F /* EventsTableViewController.swift */,
				848260941F281B9800E41C3F /* NewEventViewController.swift */,
				8405954F1F38C25F00642ADB /* DetailViewController.swift */,
			);
			name = Controller;
			sourceTree = "<group>";
		};
		954943BA7D821839C314CED5 /* Pods */ = {
			isa = PBXGroup;
			children = (
				E7C363E4DA189BD5ACB402F4 /* Pods-iOSGoogleCalendar.debug.xcconfig */,
				60CB4C5DBA3173B96AAE37F7 /* Pods-iOSGoogleCalendar.release.xcconfig */,
			);
			name = Pods;
			sourceTree = "<group>";
		};
/* End PBXGroup section */

/* Begin PBXNativeTarget section */
		84CE09811F26853A00F72573 /* iOSGoogleCalendar */ = {
			isa = PBXNativeTarget;
			buildConfigurationList = 84CE09941F26853A00F72573 /* Build configuration list for PBXNativeTarget "iOSGoogleCalendar" */;
			buildPhases = (
				DDB261DE78FF09AA50346228 /* [CP] Check Pods Manifest.lock */,
				84CE097E1F26853A00F72573 /* Sources */,
				84CE097F1F26853A00F72573 /* Frameworks */,
				84CE09801F26853A00F72573 /* Resources */,
				2033DA6F654624601A2E0188 /* [CP] Embed Pods Frameworks */,
				ACD0CC488044877549938BE5 /* [CP] Copy Pods Resources */,
			);
			buildRules = (
			);
			dependencies = (
			);
			name = iOSGoogleCalendar;
			productName = iOSGoogleCalendar;
			productReference = 84CE09821F26853A00F72573 /* iOSGoogleCalendar.app */;
			productType = "com.apple.product-type.application";
		};
/* End PBXNativeTarget section */

/* Begin PBXProject section */
		84CE097A1F26853A00F72573 /* Project object */ = {
			isa = PBXProject;
			attributes = {
				LastSwiftUpdateCheck = 0830;
				LastUpgradeCheck = 0830;
				ORGANIZATIONNAME = "Zaldivar Coto, F.";
				TargetAttributes = {
					84CE09811F26853A00F72573 = {
						CreatedOnToolsVersion = 8.3.3;
						DevelopmentTeam = F9S56RVQTB;
						ProvisioningStyle = Automatic;
					};
				};
			};
			buildConfigurationList = 84CE097D1F26853A00F72573 /* Build configuration list for PBXProject "iOSGoogleCalendar" */;
			compatibilityVersion = "Xcode 3.2";
			developmentRegion = English;
			hasScannedForEncodings = 0;
			knownRegions = (
				en,
				Base,
			);
			mainGroup = 84CE09791F26853A00F72573;
			productRefGroup = 84CE09831F26853A00F72573 /* Products */;
			projectDirPath = "";
			projectRoot = "";
			targets = (
				84CE09811F26853A00F72573 /* iOSGoogleCalendar */,
			);
		};
/* End PBXProject section */

/* Begin PBXResourcesBuildPhase section */
		84CE09801F26853A00F72573 /* Resources */ = {
			isa = PBXResourcesBuildPhase;
			buildActionMask = 2147483647;
			files = (
				84CE09901F26853A00F72573 /* LaunchScreen.storyboard in Resources */,
				84CE098D1F26853A00F72573 /* Assets.xcassets in Resources */,
				848260911F26F4B800E41C3F /* GoogleService-Info.plist in Resources */,
				84CE098B1F26853A00F72573 /* Main.storyboard in Resources */,
			);
			runOnlyForDeploymentPostprocessing = 0;
		};
/* End PBXResourcesBuildPhase section */

/* Begin PBXShellScriptBuildPhase section */
		2033DA6F654624601A2E0188 /* [CP] Embed Pods Frameworks */ = {
			isa = PBXShellScriptBuildPhase;
			buildActionMask = 2147483647;
			files = (
			);
			inputPaths = (
			);
			name = "[CP] Embed Pods Frameworks";
			outputPaths = (
			);
			runOnlyForDeploymentPostprocessing = 0;
			shellPath = /bin/sh;
			shellScript = "\"${SRCROOT}/Pods/Target Support Files/Pods-iOSGoogleCalendar/Pods-iOSGoogleCalendar-frameworks.sh\"\n";
			showEnvVarsInLog = 0;
		};
		ACD0CC488044877549938BE5 /* [CP] Copy Pods Resources */ = {
			isa = PBXShellScriptBuildPhase;
			buildActionMask = 2147483647;
			files = (
			);
			inputPaths = (
			);
			name = "[CP] Copy Pods Resources";
			outputPaths = (
			);
			runOnlyForDeploymentPostprocessing = 0;
			shellPath = /bin/sh;
			shellScript = "\"${SRCROOT}/Pods/Target Support Files/Pods-iOSGoogleCalendar/Pods-iOSGoogleCalendar-resources.sh\"\n";
			showEnvVarsInLog = 0;
		};
		DDB261DE78FF09AA50346228 /* [CP] Check Pods Manifest.lock */ = {
			isa = PBXShellScriptBuildPhase;
			buildActionMask = 2147483647;
			files = (
			);
			inputPaths = (
			);
			name = "[CP] Check Pods Manifest.lock";
			outputPaths = (
			);
			runOnlyForDeploymentPostprocessing = 0;
			shellPath = /bin/sh;
			shellScript = "diff \"${PODS_ROOT}/../Podfile.lock\" \"${PODS_ROOT}/Manifest.lock\" > /dev/null\nif [ $? != 0 ] ; then\n    # print error to STDERR\n    echo \"error: The sandbox is not in sync with the Podfile.lock. Run 'pod install' or update your CocoaPods installation.\" >&2\n    exit 1\nfi\n";
			showEnvVarsInLog = 0;
		};
/* End PBXShellScriptBuildPhase section */

/* Begin PBXSourcesBuildPhase section */
		84CE097E1F26853A00F72573 /* Sources */ = {
			isa = PBXSourcesBuildPhase;
			buildActionMask = 2147483647;
			files = (
				84CE09861F26853A00F72573 /* AppDelegate.swift in Sources */,
				84294EDB1F3ED4FF00685FB6 /* EKEvent+iOSGoogleCalendar.swift in Sources */,
				8482608F1F26F1E300E41C3F /* InitialViewController.swift in Sources */,
				848260951F281B9800E41C3F /* NewEventViewController.swift in Sources */,
				84E3F5D21F5BB8E000640F90 /* GoogleCalendarNotificationDelegate.swift in Sources */,
				848260931F26F50300E41C3F /* EventsTableViewController.swift in Sources */,
				841EDFE91F30F618002A688E /* CalendarUser.swift in Sources */,
				841EDFEC1F311178002A688E /* Constants.swift in Sources */,
				84E3F5D01F5B9F6D00640F90 /* GoogleCalendarNotificationFactory.swift in Sources */,
				84294EDD1F3ED9B700685FB6 /* LocalCalendarConnection.swift in Sources */,
				841EDFEE1F33CC06002A688E /* GoogleCalendarConnection.swift in Sources */,
				840595501F38C25F00642ADB /* DetailViewController.swift in Sources */,
			);
			runOnlyForDeploymentPostprocessing = 0;
		};
/* End PBXSourcesBuildPhase section */

/* Begin PBXVariantGroup section */
		84CE09891F26853A00F72573 /* Main.storyboard */ = {
			isa = PBXVariantGroup;
			children = (
				84CE098A1F26853A00F72573 /* Base */,
			);
			name = Main.storyboard;
			sourceTree = "<group>";
		};
		84CE098E1F26853A00F72573 /* LaunchScreen.storyboard */ = {
			isa = PBXVariantGroup;
			children = (
				84CE098F1F26853A00F72573 /* Base */,
			);
			name = LaunchScreen.storyboard;
			sourceTree = "<group>";
		};
/* End PBXVariantGroup section */

/* Begin XCBuildConfiguration section */
		84CE09921F26853A00F72573 /* Debug */ = {
			isa = XCBuildConfiguration;
			buildSettings = {
				ALWAYS_SEARCH_USER_PATHS = NO;
				CLANG_ANALYZER_NONNULL = YES;
				CLANG_ANALYZER_NUMBER_OBJECT_CONVERSION = YES_AGGRESSIVE;
				CLANG_CXX_LANGUAGE_STANDARD = "gnu++0x";
				CLANG_CXX_LIBRARY = "libc++";
				CLANG_ENABLE_MODULES = YES;
				CLANG_ENABLE_OBJC_ARC = YES;
				CLANG_WARN_BOOL_CONVERSION = YES;
				CLANG_WARN_CONSTANT_CONVERSION = YES;
				CLANG_WARN_DIRECT_OBJC_ISA_USAGE = YES_ERROR;
				CLANG_WARN_DOCUMENTATION_COMMENTS = YES;
				CLANG_WARN_EMPTY_BODY = YES;
				CLANG_WARN_ENUM_CONVERSION = YES;
				CLANG_WARN_INFINITE_RECURSION = YES;
				CLANG_WARN_INT_CONVERSION = YES;
				CLANG_WARN_OBJC_ROOT_CLASS = YES_ERROR;
				CLANG_WARN_SUSPICIOUS_MOVE = YES;
				CLANG_WARN_UNREACHABLE_CODE = YES;
				CLANG_WARN__DUPLICATE_METHOD_MATCH = YES;
				"CODE_SIGN_IDENTITY[sdk=iphoneos*]" = "iPhone Developer";
				COPY_PHASE_STRIP = NO;
				DEBUG_INFORMATION_FORMAT = dwarf;
				ENABLE_STRICT_OBJC_MSGSEND = YES;
				ENABLE_TESTABILITY = YES;
				GCC_C_LANGUAGE_STANDARD = gnu99;
				GCC_DYNAMIC_NO_PIC = NO;
				GCC_NO_COMMON_BLOCKS = YES;
				GCC_OPTIMIZATION_LEVEL = 0;
				GCC_PREPROCESSOR_DEFINITIONS = (
					"DEBUG=1",
					"$(inherited)",
				);
				GCC_WARN_64_TO_32_BIT_CONVERSION = YES;
				GCC_WARN_ABOUT_RETURN_TYPE = YES_ERROR;
				GCC_WARN_UNDECLARED_SELECTOR = YES;
				GCC_WARN_UNINITIALIZED_AUTOS = YES_AGGRESSIVE;
				GCC_WARN_UNUSED_FUNCTION = YES;
				GCC_WARN_UNUSED_VARIABLE = YES;
				IPHONEOS_DEPLOYMENT_TARGET = 10.3;
				MTL_ENABLE_DEBUG_INFO = YES;
				ONLY_ACTIVE_ARCH = YES;
				SDKROOT = iphoneos;
				SWIFT_ACTIVE_COMPILATION_CONDITIONS = DEBUG;
				SWIFT_OPTIMIZATION_LEVEL = "-Onone";
				TARGETED_DEVICE_FAMILY = "1,2";
			};
			name = Debug;
		};
		84CE09931F26853A00F72573 /* Release */ = {
			isa = XCBuildConfiguration;
			buildSettings = {
				ALWAYS_SEARCH_USER_PATHS = NO;
				CLANG_ANALYZER_NONNULL = YES;
				CLANG_ANALYZER_NUMBER_OBJECT_CONVERSION = YES_AGGRESSIVE;
				CLANG_CXX_LANGUAGE_STANDARD = "gnu++0x";
				CLANG_CXX_LIBRARY = "libc++";
				CLANG_ENABLE_MODULES = YES;
				CLANG_ENABLE_OBJC_ARC = YES;
				CLANG_WARN_BOOL_CONVERSION = YES;
				CLANG_WARN_CONSTANT_CONVERSION = YES;
				CLANG_WARN_DIRECT_OBJC_ISA_USAGE = YES_ERROR;
				CLANG_WARN_DOCUMENTATION_COMMENTS = YES;
				CLANG_WARN_EMPTY_BODY = YES;
				CLANG_WARN_ENUM_CONVERSION = YES;
				CLANG_WARN_INFINITE_RECURSION = YES;
				CLANG_WARN_INT_CONVERSION = YES;
				CLANG_WARN_OBJC_ROOT_CLASS = YES_ERROR;
				CLANG_WARN_SUSPICIOUS_MOVE = YES;
				CLANG_WARN_UNREACHABLE_CODE = YES;
				CLANG_WARN__DUPLICATE_METHOD_MATCH = YES;
				"CODE_SIGN_IDENTITY[sdk=iphoneos*]" = "iPhone Developer";
				COPY_PHASE_STRIP = NO;
				DEBUG_INFORMATION_FORMAT = "dwarf-with-dsym";
				ENABLE_NS_ASSERTIONS = NO;
				ENABLE_STRICT_OBJC_MSGSEND = YES;
				GCC_C_LANGUAGE_STANDARD = gnu99;
				GCC_NO_COMMON_BLOCKS = YES;
				GCC_WARN_64_TO_32_BIT_CONVERSION = YES;
				GCC_WARN_ABOUT_RETURN_TYPE = YES_ERROR;
				GCC_WARN_UNDECLARED_SELECTOR = YES;
				GCC_WARN_UNINITIALIZED_AUTOS = YES_AGGRESSIVE;
				GCC_WARN_UNUSED_FUNCTION = YES;
				GCC_WARN_UNUSED_VARIABLE = YES;
				IPHONEOS_DEPLOYMENT_TARGET = 10.3;
				MTL_ENABLE_DEBUG_INFO = NO;
				SDKROOT = iphoneos;
				SWIFT_OPTIMIZATION_LEVEL = "-Owholemodule";
				TARGETED_DEVICE_FAMILY = "1,2";
				VALIDATE_PRODUCT = YES;
			};
			name = Release;
		};
		84CE09951F26853A00F72573 /* Debug */ = {
			isa = XCBuildConfiguration;
			baseConfigurationReference = E7C363E4DA189BD5ACB402F4 /* Pods-iOSGoogleCalendar.debug.xcconfig */;
			buildSettings = {
				ASSETCATALOG_COMPILER_APPICON_NAME = AppIcon;
				DEVELOPMENT_TEAM = F9S56RVQTB;
				INFOPLIST_FILE = iOSGoogleCalendar/Info.plist;
				LD_RUNPATH_SEARCH_PATHS = "$(inherited) @executable_path/Frameworks";
				PRODUCT_BUNDLE_IDENTIFIER = com.accenture.iOSGoogleCalendar;
				PRODUCT_NAME = "$(TARGET_NAME)";
				SWIFT_VERSION = 3.0;
			};
			name = Debug;
		};
		84CE09961F26853A00F72573 /* Release */ = {
			isa = XCBuildConfiguration;
			baseConfigurationReference = 60CB4C5DBA3173B96AAE37F7 /* Pods-iOSGoogleCalendar.release.xcconfig */;
			buildSettings = {
				ASSETCATALOG_COMPILER_APPICON_NAME = AppIcon;
				DEVELOPMENT_TEAM = F9S56RVQTB;
				INFOPLIST_FILE = iOSGoogleCalendar/Info.plist;
				LD_RUNPATH_SEARCH_PATHS = "$(inherited) @executable_path/Frameworks";
				PRODUCT_BUNDLE_IDENTIFIER = com.accenture.iOSGoogleCalendar;
				PRODUCT_NAME = "$(TARGET_NAME)";
				SWIFT_VERSION = 3.0;
			};
			name = Release;
		};
/* End XCBuildConfiguration section */

/* Begin XCConfigurationList section */
		84CE097D1F26853A00F72573 /* Build configuration list for PBXProject "iOSGoogleCalendar" */ = {
			isa = XCConfigurationList;
			buildConfigurations = (
				84CE09921F26853A00F72573 /* Debug */,
				84CE09931F26853A00F72573 /* Release */,
			);
			defaultConfigurationIsVisible = 0;
			defaultConfigurationName = Release;
		};
		84CE09941F26853A00F72573 /* Build configuration list for PBXNativeTarget "iOSGoogleCalendar" */ = {
			isa = XCConfigurationList;
			buildConfigurations = (
				84CE09951F26853A00F72573 /* Debug */,
				84CE09961F26853A00F72573 /* Release */,
			);
			defaultConfigurationIsVisible = 0;
			defaultConfigurationName = Release;
		};
/* End XCConfigurationList section */
	};
	rootObject = 84CE097A1F26853A00F72573 /* Project object */;
}
